
Microsoft Visual Studio Solution File, Format Version 12.00
# Visual Studio Version 17
VisualStudioVersion = 17.3.32811.315
MinimumVisualStudioVersion = 10.0.40219.1
Project("{9A19103F-16F7-4668-BE54-9A1E7A4F7556}") = "AiDev_lib", "AiDev_lib\AiDev_lib.csproj", "{D5C75681-9167-4D78-8595-039564D15C82}"
EndProject
Project("{9A19103F-16F7-4668-BE54-9A1E7A4F7556}") = "AiDev", "AiDev\AiDev.csproj", "{F2E201DE-ACC4-4E69-B24E-BA8F151129BE}"
EndProject
Global
	GlobalSection(SolutionConfigurationPlatforms) = preSolution
		Debug|Any CPU = Debug|Any CPU
		Release|Any CPU = Release|Any CPU
	EndGlobalSection
	GlobalSection(ProjectConfigurationPlatforms) = postSolution
		{D5C75681-9167-4D78-8595-039564D15C82}.Debug|Any CPU.ActiveCfg = Debug|Any CPU
		{D5C75681-9167-4D78-8595-039564D15C82}.Debug|Any CPU.Build.0 = Debug|Any CPU
		{D5C75681-9167-4D78-8595-039564D15C82}.Release|Any CPU.ActiveCfg = Release|Any CPU
		{D5C75681-9167-4D78-8595-039564D15C82}.Release|Any CPU.Build.0 = Release|Any CPU
		{F2E201DE-ACC4-4E69-B24E-BA8F151129BE}.Debug|Any CPU.ActiveCfg = Debug|Any CPU
		{F2E201DE-ACC4-4E69-B24E-BA8F151129BE}.Debug|Any CPU.Build.0 = Debug|Any CPU
		{F2E201DE-ACC4-4E69-B24E-BA8F151129BE}.Release|Any CPU.ActiveCfg = Release|Any CPU
		{F2E201DE-ACC4-4E69-B24E-BA8F151129BE}.Release|Any CPU.Build.0 = Release|Any CPU
	EndGlobalSection
	GlobalSection(SolutionProperties) = preSolution
		HideSolutionNode = FALSE
	EndGlobalSection
	GlobalSection(ExtensibilityGlobals) = postSolution
		SolutionGuid = {428A18BD-C03C-4984-8FA9-5D19D8D7D12E}
	EndGlobalSection
EndGlobal
